
Microsoft Visual Studio Solution File, Format Version 12.00
# Visual Studio Version 17
VisualStudioVersion = 17.9.34622.214
MinimumVisualStudioVersion = 10.0.40219.1
Project("{FAE04EC0-301F-11D3-BF4B-00C04F79EFBC}") = "GerenciadorTarefas.API", "GerenciadorTarefas.API\GerenciadorTarefas.API.csproj", "{DB49D60C-FF3C-48BC-9746-5A2D6B82F1D9}"
EndProject
Project("{FAE04EC0-301F-11D3-BF4B-00C04F79EFBC}") = "GerenciadorTarefas.Communication", "GerenciadorTarefas.Communication\GerenciadorTarefas.Communication.csproj", "{0FB7724A-0E8D-4494-955A-C711FF190DF1}"
EndProject
Project("{FAE04EC0-301F-11D3-BF4B-00C04F79EFBC}") = "GerenciadorTarefas.Application", "GerenciadorTarefas.Application\GerenciadorTarefas.Application.csproj", "{8D5DC12F-9A2C-4B11-8CCB-CCCB59C1A60A}"
EndProject
Global
	GlobalSection(SolutionConfigurationPlatforms) = preSolution
		Debug|Any CPU = Debug|Any CPU
		Release|Any CPU = Release|Any CPU
	EndGlobalSection
	GlobalSection(ProjectConfigurationPlatforms) = postSolution
		{DB49D60C-FF3C-48BC-9746-5A2D6B82F1D9}.Debug|Any CPU.ActiveCfg = Debug|Any CPU
		{DB49D60C-FF3C-48BC-9746-5A2D6B82F1D9}.Debug|Any CPU.Build.0 = Debug|Any CPU
		{DB49D60C-FF3C-48BC-9746-5A2D6B82F1D9}.Release|Any CPU.ActiveCfg = Release|Any CPU
		{DB49D60C-FF3C-48BC-9746-5A2D6B82F1D9}.Release|Any CPU.Build.0 = Release|Any CPU
		{0FB7724A-0E8D-4494-955A-C711FF190DF1}.Debug|Any CPU.ActiveCfg = Debug|Any CPU
		{0FB7724A-0E8D-4494-955A-C711FF190DF1}.Debug|Any CPU.Build.0 = Debug|Any CPU
		{0FB7724A-0E8D-4494-955A-C711FF190DF1}.Release|Any CPU.ActiveCfg = Release|Any CPU
		{0FB7724A-0E8D-4494-955A-C711FF190DF1}.Release|Any CPU.Build.0 = Release|Any CPU
		{8D5DC12F-9A2C-4B11-8CCB-CCCB59C1A60A}.Debug|Any CPU.ActiveCfg = Debug|Any CPU
		{8D5DC12F-9A2C-4B11-8CCB-CCCB59C1A60A}.Debug|Any CPU.Build.0 = Debug|Any CPU
		{8D5DC12F-9A2C-4B11-8CCB-CCCB59C1A60A}.Release|Any CPU.ActiveCfg = Release|Any CPU
		{8D5DC12F-9A2C-4B11-8CCB-CCCB59C1A60A}.Release|Any CPU.Build.0 = Release|Any CPU
	EndGlobalSection
	GlobalSection(SolutionProperties) = preSolution
		HideSolutionNode = FALSE
	EndGlobalSection
	GlobalSection(ExtensibilityGlobals) = postSolution
		SolutionGuid = {C755CDF4-BAB3-4595-A5C4-525F787116B6}
	EndGlobalSection
EndGlobal
